
Microsoft Visual Studio Solution File, Format Version 12.00
# Visual Studio Version 17
VisualStudioVersion = 17.6.33815.320
MinimumVisualStudioVersion = 10.0.40219.1
Project("{FAE04EC0-301F-11D3-BF4B-00C04F79EFBC}") = "Formulario", "Formulario.csproj", "{2ED2B6A3-9C69-4E60-B211-5A4D1236AEC3}"
EndProject
Global
	GlobalSection(SolutionConfigurationPlatforms) = preSolution
		Debug|Any CPU = Debug|Any CPU
		Release|Any CPU = Release|Any CPU
	EndGlobalSection
	GlobalSection(ProjectConfigurationPlatforms) = postSolution
		{2ED2B6A3-9C69-4E60-B211-5A4D1236AEC3}.Debug|Any CPU.ActiveCfg = Debug|Any CPU
		{2ED2B6A3-9C69-4E60-B211-5A4D1236AEC3}.Debug|Any CPU.Build.0 = Debug|Any CPU
		{2ED2B6A3-9C69-4E60-B211-5A4D1236AEC3}.Release|Any CPU.ActiveCfg = Release|Any CPU
		{2ED2B6A3-9C69-4E60-B211-5A4D1236AEC3}.Release|Any CPU.Build.0 = Release|Any CPU
	EndGlobalSection
	GlobalSection(SolutionProperties) = preSolution
		HideSolutionNode = FALSE
	EndGlobalSection
	GlobalSection(ExtensibilityGlobals) = postSolution
		SolutionGuid = {3A8A395D-CDCD-4DC5-A5A7-C537A8812421}
	EndGlobalSection
EndGlobal
